// !$*UTF8*$!
{
	archiveVersion = 1;
	classes = {
	};
	objectVersion = 46;
	objects = {

/* Begin PBXBuildFile section */
		ABDF4B63147722DA00E5A06E /* UIKit.framework in Frameworks */ = {isa = PBXBuildFile; fileRef = ABDF4B62147722DA00E5A06E /* UIKit.framework */; };
		ABDF4B65147722DA00E5A06E /* Foundation.framework in Frameworks */ = {isa = PBXBuildFile; fileRef = ABDF4B64147722DA00E5A06E /* Foundation.framework */; };
		ABDF4B67147722DA00E5A06E /* CoreGraphics.framework in Frameworks */ = {isa = PBXBuildFile; fileRef = ABDF4B66147722DA00E5A06E /* CoreGraphics.framework */; };
		ABDF4B6D147722DA00E5A06E /* InfoPlist.strings in Resources */ = {isa = PBXBuildFile; fileRef = ABDF4B6B147722DA00E5A06E /* InfoPlist.strings */; };
		ABDF4B6F147722DA00E5A06E /* main.m in Sources */ = {isa = PBXBuildFile; fileRef = ABDF4B6E147722DA00E5A06E /* main.m */; };
		ABDF4B73147722DA00E5A06E /* AppDelegate.m in Sources */ = {isa = PBXBuildFile; fileRef = ABDF4B72147722DA00E5A06E /* AppDelegate.m */; };
		ABDF4B76147722DA00E5A06E /* ViewController.m in Sources */ = {isa = PBXBuildFile; fileRef = ABDF4B75147722DA00E5A06E /* ViewController.m */; };
		ABDF4B79147722DA00E5A06E /* ViewController.xib in Resources */ = {isa = PBXBuildFile; fileRef = ABDF4B77147722DA00E5A06E /* ViewController.xib */; };
/* End PBXBuildFile section */

/* Begin PBXFileReference section */
		ABDF4B5E147722D900E5A06E /* Lezione_03_Xcode.app */ = {isa = PBXFileReference; explicitFileType = wrapper.application; includeInIndex = 0; path = Lezione_03_Xcode.app; sourceTree = BUILT_PRODUCTS_DIR; };
		ABDF4B62147722DA00E5A06E /* UIKit.framework */ = {isa = PBXFileReference; lastKnownFileType = wrapper.framework; name = UIKit.framework; path = System/Library/Frameworks/UIKit.framework; sourceTree = SDKROOT; };
		ABDF4B64147722DA00E5A06E /* Foundation.framework */ = {isa = PBXFileReference; lastKnownFileType = wrapper.framework; name = Foundation.framework; path = System/Library/Frameworks/Foundation.framework; sourceTree = SDKROOT; };
		ABDF4B66147722DA00E5A06E /* CoreGraphics.framework */ = {isa = PBXFileReference; lastKnownFileType = wrapper.framework; name = CoreGraphics.framework; path = System/Library/Frameworks/CoreGraphics.framework; sourceTree = SDKROOT; };
		ABDF4B6A147722DA00E5A06E /* Lezione_03_Xcode-Info.plist */ = {isa = PBXFileReference; lastKnownFileType = text.plist.xml; path = "Lezione_03_Xcode-Info.plist"; sourceTree = "<group>"; };
		ABDF4B6C147722DA00E5A06E /* en */ = {isa = PBXFileReference; lastKnownFileType = text.plist.strings; name = en; path = en.lproj/InfoPlist.strings; sourceTree = "<group>"; };
		ABDF4B6E147722DA00E5A06E /* main.m */ = {isa = PBXFileReference; lastKnownFileType = sourcecode.c.objc; path = main.m; sourceTree = "<group>"; };
		ABDF4B70147722DA00E5A06E /* Lezione_03_Xcode-Prefix.pch */ = {isa = PBXFileReference; lastKnownFileType = sourcecode.c.h; path = "Lezione_03_Xcode-Prefix.pch"; sourceTree = "<group>"; };
		ABDF4B71147722DA00E5A06E /* AppDelegate.h */ = {isa = PBXFileReference; lastKnownFileType = sourcecode.c.h; path = AppDelegate.h; sourceTree = "<group>"; };
		ABDF4B72147722DA00E5A06E /* AppDelegate.m */ = {isa = PBXFileReference; lastKnownFileType = sourcecode.c.objc; path = AppDelegate.m; sourceTree = "<group>"; };
		ABDF4B74147722DA00E5A06E /* ViewController.h */ = {isa = PBXFileReference; lastKnownFileType = sourcecode.c.h; path = ViewController.h; sourceTree = "<group>"; };
		ABDF4B75147722DA00E5A06E /* ViewController.m */ = {isa = PBXFileReference; lastKnownFileType = sourcecode.c.objc; path = ViewController.m; sourceTree = "<group>"; };
		ABDF4B78147722DA00E5A06E /* en */ = {isa = PBXFileReference; lastKnownFileType = file.xib; name = en; path = en.lproj/ViewController.xib; sourceTree = "<group>"; };
/* End PBXFileReference section */

/* Begin PBXFrameworksBuildPhase section */
		ABDF4B5B147722D900E5A06E /* Frameworks */ = {
			isa = PBXFrameworksBuildPhase;
			buildActionMask = 2147483647;
			files = (
				ABDF4B63147722DA00E5A06E /* UIKit.framework in Frameworks */,
				ABDF4B65147722DA00E5A06E /* Foundation.framework in Frameworks */,
				ABDF4B67147722DA00E5A06E /* CoreGraphics.framework in Frameworks */,
			);
			runOnlyForDeploymentPostprocessing = 0;
		};
/* End PBXFrameworksBuildPhase section */

/* Begin PBXGroup section */
		ABDF4B53147722D900E5A06E = {
			isa = PBXGroup;
			children = (
				ABDF4B68147722DA00E5A06E /* Lezione_03_Xcode */,
				ABDF4B61147722D900E5A06E /* Frameworks */,
				ABDF4B5F147722D900E5A06E /* Products */,
			);
			sourceTree = "<group>";
		};
		ABDF4B5F147722D900E5A06E /* Products */ = {
			isa = PBXGroup;
			children = (
				ABDF4B5E147722D900E5A06E /* Lezione_03_Xcode.app */,
			);
			name = Products;
			sourceTree = "<group>";
		};
		ABDF4B61147722D900E5A06E /* Frameworks */ = {
			isa = PBXGroup;
			children = (
				ABDF4B62147722DA00E5A06E /* UIKit.framework */,
				ABDF4B64147722DA00E5A06E /* Foundation.framework */,
				ABDF4B66147722DA00E5A06E /* CoreGraphics.framework */,
			);
			name = Frameworks;
			sourceTree = "<group>";
		};
		ABDF4B68147722DA00E5A06E /* Lezione_03_Xcode */ = {
			isa = PBXGroup;
			children = (
				ABDF4B71147722DA00E5A06E /* AppDelegate.h */,
				ABDF4B72147722DA00E5A06E /* AppDelegate.m */,
				ABDF4B74147722DA00E5A06E /* ViewController.h */,
				ABDF4B75147722DA00E5A06E /* ViewController.m */,
				ABDF4B77147722DA00E5A06E /* ViewController.xib */,
				ABDF4B69147722DA00E5A06E /* Supporting Files */,
			);
			path = Lezione_03_Xcode;
			sourceTree = "<group>";
		};
		ABDF4B69147722DA00E5A06E /* Supporting Files */ = {
			isa = PBXGroup;
			children = (
				ABDF4B6A147722DA00E5A06E /* Lezione_03_Xcode-Info.plist */,
				ABDF4B6B147722DA00E5A06E /* InfoPlist.strings */,
				ABDF4B6E147722DA00E5A06E /* main.m */,
				ABDF4B70147722DA00E5A06E /* Lezione_03_Xcode-Prefix.pch */,
			);
			name = "Supporting Files";
			sourceTree = "<group>";
		};
/* End PBXGroup section */

/* Begin PBXNativeTarget section */
		ABDF4B5D147722D900E5A06E /* Lezione_03_Xcode */ = {
			isa = PBXNativeTarget;
			buildConfigurationList = ABDF4B7C147722DA00E5A06E /* Build configuration list for PBXNativeTarget "Lezione_03_Xcode" */;
			buildPhases = (
				ABDF4B5A147722D900E5A06E /* Sources */,
				ABDF4B5B147722D900E5A06E /* Frameworks */,
				ABDF4B5C147722D900E5A06E /* Resources */,
			);
			buildRules = (
			);
			dependencies = (
			);
			name = Lezione_03_Xcode;
			productName = Lezione_03_Xcode;
			productReference = ABDF4B5E147722D900E5A06E /* Lezione_03_Xcode.app */;
			productType = "com.apple.product-type.application";
		};
/* End PBXNativeTarget section */

/* Begin PBXProject section */
		ABDF4B55147722D900E5A06E /* Project object */ = {
			isa = PBXProject;
			attributes = {
				LastUpgradeCheck = 0420;
				ORGANIZATIONNAME = "Cutaway SRL";
			};
			buildConfigurationList = ABDF4B58147722D900E5A06E /* Build configuration list for PBXProject "Lezione_03_Xcode" */;
			compatibilityVersion = "Xcode 3.2";
			developmentRegion = English;
			hasScannedForEncodings = 0;
			knownRegions = (
				en,
			);
			mainGroup = ABDF4B53147722D900E5A06E;
			productRefGroup = ABDF4B5F147722D900E5A06E /* Products */;
			projectDirPath = "";
			projectRoot = "";
			targets = (
				ABDF4B5D147722D900E5A06E /* Lezione_03_Xcode */,
			);
		};
/* End PBXProject section */

/* Begin PBXResourcesBuildPhase section */
		ABDF4B5C147722D900E5A06E /* Resources */ = {
			isa = PBXResourcesBuildPhase;
			buildActionMask = 2147483647;
			files = (
				ABDF4B6D147722DA00E5A06E /* InfoPlist.strings in Resources */,
				ABDF4B79147722DA00E5A06E /* ViewController.xib in Resources */,
			);
			runOnlyForDeploymentPostprocessing = 0;
		};
/* End PBXResourcesBuildPhase section */

/* Begin PBXSourcesBuildPhase section */
		ABDF4B5A147722D900E5A06E /* Sources */ = {
			isa = PBXSourcesBuildPhase;
			buildActionMask = 2147483647;
			files = (
				ABDF4B6F147722DA00E5A06E /* main.m in Sources */,
				ABDF4B73147722DA00E5A06E /* AppDelegate.m in Sources */,
				ABDF4B76147722DA00E5A06E /* ViewController.m in Sources */,
			);
			runOnlyForDeploymentPostprocessing = 0;
		};
/* End PBXSourcesBuildPhase section */

/* Begin PBXVariantGroup section */
		ABDF4B6B147722DA00E5A06E /* InfoPlist.strings */ = {
			isa = PBXVariantGroup;
			children = (
				ABDF4B6C147722DA00E5A06E /* en */,
			);
			name = InfoPlist.strings;
			sourceTree = "<group>";
		};
		ABDF4B77147722DA00E5A06E /* ViewController.xib */ = {
			isa = PBXVariantGroup;
			children = (
				ABDF4B78147722DA00E5A06E /* en */,
			);
			name = ViewController.xib;
			sourceTree = "<group>";
		};
/* End PBXVariantGroup section */

/* Begin XCBuildConfiguration section */
		ABDF4B7A147722DA00E5A06E /* Debug */ = {
			isa = XCBuildConfiguration;
			buildSettings = {
				ALWAYS_SEARCH_USER_PATHS = NO;
				ARCHS = "$(ARCHS_STANDARD_32_BIT)";
				"CODE_SIGN_IDENTITY[sdk=iphoneos*]" = "iPhone Developer";
				COPY_PHASE_STRIP = NO;
				GCC_C_LANGUAGE_STANDARD = gnu99;
				GCC_DYNAMIC_NO_PIC = NO;
				GCC_OPTIMIZATION_LEVEL = 0;
				GCC_PREPROCESSOR_DEFINITIONS = (
					"DEBUG=1",
					"$(inherited)",
				);
				GCC_SYMBOLS_PRIVATE_EXTERN = NO;
				GCC_VERSION = com.apple.compilers.llvm.clang.1_0;
				GCC_WARN_ABOUT_MISSING_PROTOTYPES = YES;
				GCC_WARN_ABOUT_RETURN_TYPE = YES;
				GCC_WARN_UNUSED_VARIABLE = YES;
				IPHONEOS_DEPLOYMENT_TARGET = 5.0;
				SDKROOT = iphoneos;
			};
			name = Debug;
		};
		ABDF4B7B147722DA00E5A06E /* Release */ = {
			isa = XCBuildConfiguration;
			buildSettings = {
				ALWAYS_SEARCH_USER_PATHS = NO;
				ARCHS = "$(ARCHS_STANDARD_32_BIT)";
				"CODE_SIGN_IDENTITY[sdk=iphoneos*]" = "iPhone Developer";
				COPY_PHASE_STRIP = YES;
				GCC_C_LANGUAGE_STANDARD = gnu99;
				GCC_VERSION = com.apple.compilers.llvm.clang.1_0;
				GCC_WARN_ABOUT_MISSING_PROTOTYPES = YES;
				GCC_WARN_ABOUT_RETURN_TYPE = YES;
				GCC_WARN_UNUSED_VARIABLE = YES;
				IPHONEOS_DEPLOYMENT_TARGET = 5.0;
				OTHER_CFLAGS = "-DNS_BLOCK_ASSERTIONS=1";
				SDKROOT = iphoneos;
				VALIDATE_PRODUCT = YES;
			};
			name = Release;
		};
		ABDF4B7D147722DA00E5A06E /* Debug */ = {
			isa = XCBuildConfiguration;
			buildSettings = {
				GCC_PRECOMPILE_PREFIX_HEADER = YES;
				GCC_PREFIX_HEADER = "Lezione_03_Xcode/Lezione_03_Xcode-Prefix.pch";
				INFOPLIST_FILE = "Lezione_03_Xcode/Lezione_03_Xcode-Info.plist";
				PRODUCT_NAME = "$(TARGET_NAME)";
				WRAPPER_EXTENSION = app;
			};
			name = Debug;
		};
		ABDF4B7E147722DA00E5A06E /* Release */ = {
			isa = XCBuildConfiguration;
			buildSettings = {
				GCC_PRECOMPILE_PREFIX_HEADER = YES;
				GCC_PREFIX_HEADER = "Lezione_03_Xcode/Lezione_03_Xcode-Prefix.pch";
				INFOPLIST_FILE = "Lezione_03_Xcode/Lezione_03_Xcode-Info.plist";
				PRODUCT_NAME = "$(TARGET_NAME)";
				WRAPPER_EXTENSION = app;
			};
			name = Release;
		};
/* End XCBuildConfiguration section */

/* Begin XCConfigurationList section */
		ABDF4B58147722D900E5A06E /* Build configuration list for PBXProject "Lezione_03_Xcode" */ = {
			isa = XCConfigurationList;
			buildConfigurations = (
				ABDF4B7A147722DA00E5A06E /* Debug */,
				ABDF4B7B147722DA00E5A06E /* Release */,
			);
			defaultConfigurationIsVisible = 0;
			defaultConfigurationName = Release;
		};
		ABDF4B7C147722DA00E5A06E /* Build configuration list for PBXNativeTarget "Lezione_03_Xcode" */ = {
			isa = XCConfigurationList;
			buildConfigurations = (
				ABDF4B7D147722DA00E5A06E /* Debug */,
				ABDF4B7E147722DA00E5A06E /* Release */,
			);
			defaultConfigurationIsVisible = 0;
		};
/* End XCConfigurationList section */
	};
	rootObject = ABDF4B55147722D900E5A06E /* Project object */;
}
